
Microsoft Visual Studio Solution File, Format Version 12.00
Project("{FAE04EC0-301F-11D3-BF4B-00C04F79EFBC}") = "digen-2", "digen-2.csproj", "{4CB8B7B9-5B49-4831-BEC8-8AE8B378E76D}"
EndProject
Global
	GlobalSection(SolutionConfigurationPlatforms) = preSolution
		Debug|Any CPU = Debug|Any CPU
		Release|Any CPU = Release|Any CPU
	EndGlobalSection
	GlobalSection(ProjectConfigurationPlatforms) = postSolution
		{4CB8B7B9-5B49-4831-BEC8-8AE8B378E76D}.Debug|Any CPU.ActiveCfg = Debug|Any CPU
		{4CB8B7B9-5B49-4831-BEC8-8AE8B378E76D}.Debug|Any CPU.Build.0 = Debug|Any CPU
		{4CB8B7B9-5B49-4831-BEC8-8AE8B378E76D}.Release|Any CPU.ActiveCfg = Release|Any CPU
		{4CB8B7B9-5B49-4831-BEC8-8AE8B378E76D}.Release|Any CPU.Build.0 = Release|Any CPU
	EndGlobalSection
EndGlobal
